// !$*UTF8*$!
{
	archiveVersion = 1;
	classes = {
	};
	objectVersion = 56;
	objects = {

/* Begin PBXBuildFile section */
		70901F582F35EF78006A7205 /* SwiftEatsApp.swift in Sources */ = {isa = PBXBuildFile; fileRef = 70901F572F35EF78006A7205 /* SwiftEatsApp.swift */; };
		70901F5A2F35EF78006A7205 /* ContentView.swift in Sources */ = {isa = PBXBuildFile; fileRef = 70901F592F35EF78006A7205 /* ContentView.swift */; };
		70901F5C2F35EF7B006A7205 /* Assets.xcassets in Resources */ = {isa = PBXBuildFile; fileRef = 70901F5B2F35EF7B006A7205 /* Assets.xcassets */; };
		70901F5F2F35EF7B006A7205 /* Preview Assets.xcassets in Resources */ = {isa = PBXBuildFile; fileRef = 70901F5E2F35EF7B006A7205 /* Preview Assets.xcassets */; };
		70901F692F35EF7B006A7205 /* SwiftEatsTests.swift in Sources */ = {isa = PBXBuildFile; fileRef = 70901F682F35EF7B006A7205 /* SwiftEatsTests.swift */; };
		70901F732F35EF7B006A7205 /* SwiftEatsUITests.swift in Sources */ = {isa = PBXBuildFile; fileRef = 70901F722F35EF7B006A7205 /* SwiftEatsUITests.swift */; };
		70901F752F35EF7B006A7205 /* SwiftEatsUITestsLaunchTests.swift in Sources */ = {isa = PBXBuildFile; fileRef = 70901F742F35EF7B006A7205 /* SwiftEatsUITestsLaunchTests.swift */; };
		70901F862F35EFE9006A7205 /* Dish.swift in Sources */ = {isa = PBXBuildFile; fileRef = 70901F852F35EFE9006A7205 /* Dish.swift */; };
		70901F882F35F00F006A7205 /* Restaurant.swift in Sources */ = {isa = PBXBuildFile; fileRef = 70901F872F35F00F006A7205 /* Restaurant.swift */; };
		70901F8A2F35F02D006A7205 /* APIResponses.swift in Sources */ = {isa = PBXBuildFile; fileRef = 70901F892F35F02D006A7205 /* APIResponses.swift */; };
		70901F8C2F35F052006A7205 /* APIError.swift in Sources */ = {isa = PBXBuildFile; fileRef = 70901F8B2F35F052006A7205 /* APIError.swift */; };
		70901F922F35F093006A7205 /* APIService.swift in Sources */ = {isa = PBXBuildFile; fileRef = 70901F912F35F093006A7205 /* APIService.swift */; };
		70901F942F35F0C0006A7205 /* HomeViewModel.swift in Sources */ = {isa = PBXBuildFile; fileRef = 70901F932F35F0C0006A7205 /* HomeViewModel.swift */; };
		70901F962F35F0E5006A7205 /* RootTabView.swift in Sources */ = {isa = PBXBuildFile; fileRef = 70901F952F35F0E5006A7205 /* RootTabView.swift */; };
		70901F982F35F101006A7205 /* HomeView.swift in Sources */ = {isa = PBXBuildFile; fileRef = 70901F972F35F101006A7205 /* HomeView.swift */; };
		70901F9A2F35F116006A7205 /* RestaurantMenuView.swift in Sources */ = {isa = PBXBuildFile; fileRef = 70901F992F35F116006A7205 /* RestaurantMenuView.swift */; };
		70901F9C2F35F130006A7205 /* DishDetailView.swift in Sources */ = {isa = PBXBuildFile; fileRef = 70901F9B2F35F130006A7205 /* DishDetailView.swift */; };
		70901FA02F35F24F006A7205 /* SettingsView.swift in Sources */ = {isa = PBXBuildFile; fileRef = 70901F9F2F35F24F006A7205 /* SettingsView.swift */; };
		70901FA22F35F67C006A7205 /* CartItem.swift in Sources */ = {isa = PBXBuildFile; fileRef = 70901FA12F35F67C006A7205 /* CartItem.swift */; };
		70901FA42F35F6A1006A7205 /* CartStorage.swift in Sources */ = {isa = PBXBuildFile; fileRef = 70901FA32F35F6A1006A7205 /* CartStorage.swift */; };
		70901FA62F35F6BD006A7205 /* CartViewModel.swift in Sources */ = {isa = PBXBuildFile; fileRef = 70901FA52F35F6BD006A7205 /* CartViewModel.swift */; };
		70901FA82F35F6F3006A7205 /* CartView.swift in Sources */ = {isa = PBXBuildFile; fileRef = 70901FA72F35F6F3006A7205 /* CartView.swift */; };
		70B088BA2F388A3A006F6B11 /* CheckoutView.swift in Sources */ = {isa = PBXBuildFile; fileRef = 70B088B92F388A3A006F6B11 /* CheckoutView.swift */; };
		70B088BC2F388A48006F6B11 /* OrdersListView.swift in Sources */ = {isa = PBXBuildFile; fileRef = 70B088BB2F388A48006F6B11 /* OrdersListView.swift */; };
		70B088BE2F388A53006F6B11 /* OrderDetailView.swift in Sources */ = {isa = PBXBuildFile; fileRef = 70B088BD2F388A53006F6B11 /* OrderDetailView.swift */; };
		70B088C02F388A64006F6B11 /* CheckoutViewModel.swift in Sources */ = {isa = PBXBuildFile; fileRef = 70B088BF2F388A64006F6B11 /* CheckoutViewModel.swift */; };
		70B088C22F388A70006F6B11 /* OrdersViewModel.swift in Sources */ = {isa = PBXBuildFile; fileRef = 70B088C12F388A70006F6B11 /* OrdersViewModel.swift */; };
		70B088C42F388A7E006F6B11 /* Order.swift in Sources */ = {isa = PBXBuildFile; fileRef = 70B088C32F388A7E006F6B11 /* Order.swift */; };
		70B088C62F388AC5006F6B11 /* OrderStorage.swift in Sources */ = {isa = PBXBuildFile; fileRef = 70B088C52F388AC5006F6B11 /* OrderStorage.swift */; };
		70B088C92F38B3B3006F6B11 /* UITheme.swift in Sources */ = {isa = PBXBuildFile; fileRef = 70B088C82F38B3B3006F6B11 /* UITheme.swift */; };
		70B088CC2F38B3D4006F6B11 /* SearchBar.swift in Sources */ = {isa = PBXBuildFile; fileRef = 70B088CB2F38B3D4006F6B11 /* SearchBar.swift */; };
		70B088CE2F38B3E4006F6B11 /* CategoryChipView.swift in Sources */ = {isa = PBXBuildFile; fileRef = 70B088CD2F38B3E4006F6B11 /* CategoryChipView.swift */; };
		70B088D02F38B3EE006F6B11 /* PromoBanner.swift in Sources */ = {isa = PBXBuildFile; fileRef = 70B088CF2F38B3EE006F6B11 /* PromoBanner.swift */; };
		70B088D22F38B3F7006F6B11 /* FoodCard.swift in Sources */ = {isa = PBXBuildFile; fileRef = 70B088D12F38B3F7006F6B11 /* FoodCard.swift */; };
		70B088D42F38B401006F6B11 /* Badge.swift in Sources */ = {isa = PBXBuildFile; fileRef = 70B088D32F38B401006F6B11 /* Badge.swift */; };
		70B088D72F38B419006F6B11 /* Color+Hex.swift in Sources */ = {isa = PBXBuildFile; fileRef = 70B088D62F38B419006F6B11 /* Color+Hex.swift */; };
		A00001012F3D000000000001 /* APIConfig.swift in Sources */ = {isa = PBXBuildFile; fileRef = A00000022F3D000000000001 /* APIConfig.swift */; };
		A00001022F3D000000000001 /* NetworkError.swift in Sources */ = {isa = PBXBuildFile; fileRef = A00000042F3D000000000001 /* NetworkError.swift */; };
		A00001032F3D000000000001 /* TokenManager.swift in Sources */ = {isa = PBXBuildFile; fileRef = A00000062F3D000000000001 /* TokenManager.swift */; };
		A00001042F3D000000000001 /* APIClient.swift in Sources */ = {isa = PBXBuildFile; fileRef = A00000082F3D000000000001 /* APIClient.swift */; };
		A00001052F3D000000000001 /* AuthAPI.swift in Sources */ = {isa = PBXBuildFile; fileRef = A000000A2F3D000000000001 /* AuthAPI.swift */; };
		A00001062F3D000000000001 /* DishesAPI.swift in Sources */ = {isa = PBXBuildFile; fileRef = A000000C2F3D000000000001 /* DishesAPI.swift */; };
		A00001072F3D000000000001 /* CategoriesAPI.swift in Sources */ = {isa = PBXBuildFile; fileRef = A000000E2F3D000000000001 /* CategoriesAPI.swift */; };
		A00001082F3D000000000001 /* FavoritesAPI.swift in Sources */ = {isa = PBXBuildFile; fileRef = A00000102F3D000000000001 /* FavoritesAPI.swift */; };
		A00001092F3D000000000001 /* CartAPI.swift in Sources */ = {isa = PBXBuildFile; fileRef = A00000122F3D000000000001 /* CartAPI.swift */; };
		A000010A2F3D000000000001 /* OrdersAPI.swift in Sources */ = {isa = PBXBuildFile; fileRef = A00000142F3D000000000001 /* OrdersAPI.swift */; };
		A000010B2F3D000000000001 /* AuthModels.swift in Sources */ = {isa = PBXBuildFile; fileRef = A00000162F3D000000000001 /* AuthModels.swift */; };
		A000010C2F3D000000000001 /* DishesModels.swift in Sources */ = {isa = PBXBuildFile; fileRef = A00000182F3D000000000001 /* DishesModels.swift */; };
		A000010D2F3D000000000001 /* CategoriesModels.swift in Sources */ = {isa = PBXBuildFile; fileRef = A000001A2F3D000000000001 /* CategoriesModels.swift */; };
		A000010E2F3D000000000001 /* FavoritesModels.swift in Sources */ = {isa = PBXBuildFile; fileRef = A000001C2F3D000000000001 /* FavoritesModels.swift */; };
		A000010F2F3D000000000001 /* CartModels.swift in Sources */ = {isa = PBXBuildFile; fileRef = A000001E2F3D000000000001 /* CartModels.swift */; };
		A00001102F3D000000000001 /* OrdersModels.swift in Sources */ = {isa = PBXBuildFile; fileRef = A00000202F3D000000000001 /* OrdersModels.swift */; };
		A00001112F3D000000000001 /* SessionViewModel.swift in Sources */ = {isa = PBXBuildFile; fileRef = A00000222F3D000000000001 /* SessionViewModel.swift */; };
		A00001122F3D000000000001 /* LoginViewModel.swift in Sources */ = {isa = PBXBuildFile; fileRef = A00000242F3D000000000001 /* LoginViewModel.swift */; };
		A00001132F3D000000000001 /* RegisterViewModel.swift in Sources */ = {isa = PBXBuildFile; fileRef = A00000262F3D000000000001 /* RegisterViewModel.swift */; };
		A00001142F3D000000000001 /* ProfileViewModel.swift in Sources */ = {isa = PBXBuildFile; fileRef = A00000282F3D000000000001 /* ProfileViewModel.swift */; };
		A00001152F3D000000000001 /* FavoritesViewModel.swift in Sources */ = {isa = PBXBuildFile; fileRef = A000002A2F3D000000000001 /* FavoritesViewModel.swift */; };
		A00001162F3D000000000001 /* DishDetailRemoteViewModel.swift in Sources */ = {isa = PBXBuildFile; fileRef = A000002C2F3D000000000001 /* DishDetailRemoteViewModel.swift */; };
		A00001172F3D000000000001 /* AppRootView.swift in Sources */ = {isa = PBXBuildFile; fileRef = A000002E2F3D000000000001 /* AppRootView.swift */; };
		A00001182F3D000000000001 /* LoginView.swift in Sources */ = {isa = PBXBuildFile; fileRef = A00000302F3D000000000001 /* LoginView.swift */; };
		A00001192F3D000000000001 /* RegisterView.swift in Sources */ = {isa = PBXBuildFile; fileRef = A00000322F3D000000000001 /* RegisterView.swift */; };
		A000011A2F3D000000000001 /* ProfileView.swift in Sources */ = {isa = PBXBuildFile; fileRef = A00000342F3D000000000001 /* ProfileView.swift */; };
		A000011B2F3D000000000001 /* FavoritesView.swift in Sources */ = {isa = PBXBuildFile; fileRef = A00000362F3D000000000001 /* FavoritesView.swift */; };
		A000011C2F3D000000000001 /* DishDetailRemoteView.swift in Sources */ = {isa = PBXBuildFile; fileRef = A00000382F3D000000000001 /* DishDetailRemoteView.swift */; };
/* End PBXBuildFile section */

/* Begin PBXContainerItemProxy section */
		70901F652F35EF7B006A7205 /* PBXContainerItemProxy */ = {
			isa = PBXContainerItemProxy;
			containerPortal = 70901F4C2F35EF78006A7205 /* Project object */;
			proxyType = 1;
			remoteGlobalIDString = 70901F532F35EF78006A7205;
			remoteInfo = SwiftEats;
		};
		70901F6F2F35EF7B006A7205 /* PBXContainerItemProxy */ = {
			isa = PBXContainerItemProxy;
			containerPortal = 70901F4C2F35EF78006A7205 /* Project object */;
			proxyType = 1;
			remoteGlobalIDString = 70901F532F35EF78006A7205;
			remoteInfo = SwiftEats;
		};
/* End PBXContainerItemProxy section */

/* Begin PBXFileReference section */
		70901F542F35EF78006A7205 /* SwiftEats.app */ = {isa = PBXFileReference; explicitFileType = wrapper.application; includeInIndex = 0; path = SwiftEats.app; sourceTree = BUILT_PRODUCTS_DIR; };
		70901F572F35EF78006A7205 /* SwiftEatsApp.swift */ = {isa = PBXFileReference; lastKnownFileType = sourcecode.swift; path = SwiftEatsApp.swift; sourceTree = "<group>"; };
		70901F592F35EF78006A7205 /* ContentView.swift */ = {isa = PBXFileReference; lastKnownFileType = sourcecode.swift; path = ContentView.swift; sourceTree = "<group>"; };
		70901F5B2F35EF7B006A7205 /* Assets.xcassets */ = {isa = PBXFileReference; lastKnownFileType = folder.assetcatalog; path = Assets.xcassets; sourceTree = "<group>"; };
		70901F5E2F35EF7B006A7205 /* Preview Assets.xcassets */ = {isa = PBXFileReference; lastKnownFileType = folder.assetcatalog; path = "Preview Assets.xcassets"; sourceTree = "<group>"; };
		70901F642F35EF7B006A7205 /* SwiftEatsTests.xctest */ = {isa = PBXFileReference; explicitFileType = wrapper.cfbundle; includeInIndex = 0; path = SwiftEatsTests.xctest; sourceTree = BUILT_PRODUCTS_DIR; };
		70901F682F35EF7B006A7205 /* SwiftEatsTests.swift */ = {isa = PBXFileReference; lastKnownFileType = sourcecode.swift; path = SwiftEatsTests.swift; sourceTree = "<group>"; };
		70901F6E2F35EF7B006A7205 /* SwiftEatsUITests.xctest */ = {isa = PBXFileReference; explicitFileType = wrapper.cfbundle; includeInIndex = 0; path = SwiftEatsUITests.xctest; sourceTree = BUILT_PRODUCTS_DIR; };
		70901F722F35EF7B006A7205 /* SwiftEatsUITests.swift */ = {isa = PBXFileReference; lastKnownFileType = sourcecode.swift; path = SwiftEatsUITests.swift; sourceTree = "<group>"; };
		70901F742F35EF7B006A7205 /* SwiftEatsUITestsLaunchTests.swift */ = {isa = PBXFileReference; lastKnownFileType = sourcecode.swift; path = SwiftEatsUITestsLaunchTests.swift; sourceTree = "<group>"; };
		70901F852F35EFE9006A7205 /* Dish.swift */ = {isa = PBXFileReference; lastKnownFileType = sourcecode.swift; path = Dish.swift; sourceTree = "<group>"; };
		70901F872F35F00F006A7205 /* Restaurant.swift */ = {isa = PBXFileReference; lastKnownFileType = sourcecode.swift; path = Restaurant.swift; sourceTree = "<group>"; };
		70901F892F35F02D006A7205 /* APIResponses.swift */ = {isa = PBXFileReference; lastKnownFileType = sourcecode.swift; path = APIResponses.swift; sourceTree = "<group>"; };
		70901F8B2F35F052006A7205 /* APIError.swift */ = {isa = PBXFileReference; lastKnownFileType = sourcecode.swift; path = APIError.swift; sourceTree = "<group>"; };
		70901F912F35F093006A7205 /* APIService.swift */ = {isa = PBXFileReference; lastKnownFileType = sourcecode.swift; path = APIService.swift; sourceTree = "<group>"; };
		70901F932F35F0C0006A7205 /* HomeViewModel.swift */ = {isa = PBXFileReference; lastKnownFileType = sourcecode.swift; path = HomeViewModel.swift; sourceTree = "<group>"; };
		70901F952F35F0E5006A7205 /* RootTabView.swift */ = {isa = PBXFileReference; lastKnownFileType = sourcecode.swift; path = RootTabView.swift; sourceTree = "<group>"; };
		70901F972F35F101006A7205 /* HomeView.swift */ = {isa = PBXFileReference; lastKnownFileType = sourcecode.swift; path = HomeView.swift; sourceTree = "<group>"; };
		70901F992F35F116006A7205 /* RestaurantMenuView.swift */ = {isa = PBXFileReference; lastKnownFileType = sourcecode.swift; path = RestaurantMenuView.swift; sourceTree = "<group>"; };
		70901F9B2F35F130006A7205 /* DishDetailView.swift */ = {isa = PBXFileReference; lastKnownFileType = sourcecode.swift; path = DishDetailView.swift; sourceTree = "<group>"; };
		70901F9F2F35F24F006A7205 /* SettingsView.swift */ = {isa = PBXFileReference; lastKnownFileType = sourcecode.swift; path = SettingsView.swift; sourceTree = "<group>"; };
		70901FA12F35F67C006A7205 /* CartItem.swift */ = {isa = PBXFileReference; lastKnownFileType = sourcecode.swift; path = CartItem.swift; sourceTree = "<group>"; };
		70901FA32F35F6A1006A7205 /* CartStorage.swift */ = {isa = PBXFileReference; lastKnownFileType = sourcecode.swift; path = CartStorage.swift; sourceTree = "<group>"; };
		70901FA52F35F6BD006A7205 /* CartViewModel.swift */ = {isa = PBXFileReference; lastKnownFileType = sourcecode.swift; path = CartViewModel.swift; sourceTree = "<group>"; };
		70901FA72F35F6F3006A7205 /* CartView.swift */ = {isa = PBXFileReference; lastKnownFileType = sourcecode.swift; path = CartView.swift; sourceTree = "<group>"; };
		70B088B92F388A3A006F6B11 /* CheckoutView.swift */ = {isa = PBXFileReference; lastKnownFileType = sourcecode.swift; path = CheckoutView.swift; sourceTree = "<group>"; };
		70B088BB2F388A48006F6B11 /* OrdersListView.swift */ = {isa = PBXFileReference; lastKnownFileType = sourcecode.swift; path = OrdersListView.swift; sourceTree = "<group>"; };
		70B088BD2F388A53006F6B11 /* OrderDetailView.swift */ = {isa = PBXFileReference; lastKnownFileType = sourcecode.swift; path = OrderDetailView.swift; sourceTree = "<group>"; };
		70B088BF2F388A64006F6B11 /* CheckoutViewModel.swift */ = {isa = PBXFileReference; lastKnownFileType = sourcecode.swift; path = CheckoutViewModel.swift; sourceTree = "<group>"; };
		70B088C12F388A70006F6B11 /* OrdersViewModel.swift */ = {isa = PBXFileReference; lastKnownFileType = sourcecode.swift; path = OrdersViewModel.swift; sourceTree = "<group>"; };
		70B088C32F388A7E006F6B11 /* Order.swift */ = {isa = PBXFileReference; lastKnownFileType = sourcecode.swift; path = Order.swift; sourceTree = "<group>"; };
		70B088C52F388AC5006F6B11 /* OrderStorage.swift */ = {isa = PBXFileReference; lastKnownFileType = sourcecode.swift; path = OrderStorage.swift; sourceTree = "<group>"; };
		70B088C82F38B3B3006F6B11 /* UITheme.swift */ = {isa = PBXFileReference; lastKnownFileType = sourcecode.swift; path = UITheme.swift; sourceTree = "<group>"; };
		70B088CB2F38B3D4006F6B11 /* SearchBar.swift */ = {isa = PBXFileReference; lastKnownFileType = sourcecode.swift; path = SearchBar.swift; sourceTree = "<group>"; };
		70B088CD2F38B3E4006F6B11 /* CategoryChipView.swift */ = {isa = PBXFileReference; lastKnownFileType = sourcecode.swift; path = CategoryChipView.swift; sourceTree = "<group>"; };
		70B088CF2F38B3EE006F6B11 /* PromoBanner.swift */ = {isa = PBXFileReference; lastKnownFileType = sourcecode.swift; path = PromoBanner.swift; sourceTree = "<group>"; };
		70B088D12F38B3F7006F6B11 /* FoodCard.swift */ = {isa = PBXFileReference; lastKnownFileType = sourcecode.swift; path = FoodCard.swift; sourceTree = "<group>"; };
		70B088D32F38B401006F6B11 /* Badge.swift */ = {isa = PBXFileReference; lastKnownFileType = sourcecode.swift; path = Badge.swift; sourceTree = "<group>"; };
		70B088D62F38B419006F6B11 /* Color+Hex.swift */ = {isa = PBXFileReference; lastKnownFileType = sourcecode.swift; path = "Color+Hex.swift"; sourceTree = "<group>"; };
		A00000022F3D000000000001 /* APIConfig.swift */ = {isa = PBXFileReference; lastKnownFileType = sourcecode.swift; path = APIConfig.swift; sourceTree = "<group>"; };
		A00000042F3D000000000001 /* NetworkError.swift */ = {isa = PBXFileReference; lastKnownFileType = sourcecode.swift; path = NetworkError.swift; sourceTree = "<group>"; };
		A00000062F3D000000000001 /* TokenManager.swift */ = {isa = PBXFileReference; lastKnownFileType = sourcecode.swift; path = TokenManager.swift; sourceTree = "<group>"; };
		A00000082F3D000000000001 /* APIClient.swift */ = {isa = PBXFileReference; lastKnownFileType = sourcecode.swift; path = APIClient.swift; sourceTree = "<group>"; };
		A000000A2F3D000000000001 /* AuthAPI.swift */ = {isa = PBXFileReference; lastKnownFileType = sourcecode.swift; path = AuthAPI.swift; sourceTree = "<group>"; };
		A000000C2F3D000000000001 /* DishesAPI.swift */ = {isa = PBXFileReference; lastKnownFileType = sourcecode.swift; path = DishesAPI.swift; sourceTree = "<group>"; };
		A000000E2F3D000000000001 /* CategoriesAPI.swift */ = {isa = PBXFileReference; lastKnownFileType = sourcecode.swift; path = CategoriesAPI.swift; sourceTree = "<group>"; };
		A00000102F3D000000000001 /* FavoritesAPI.swift */ = {isa = PBXFileReference; lastKnownFileType = sourcecode.swift; path = FavoritesAPI.swift; sourceTree = "<group>"; };
		A00000122F3D000000000001 /* CartAPI.swift */ = {isa = PBXFileReference; lastKnownFileType = sourcecode.swift; path = CartAPI.swift; sourceTree = "<group>"; };
		A00000142F3D000000000001 /* OrdersAPI.swift */ = {isa = PBXFileReference; lastKnownFileType = sourcecode.swift; path = OrdersAPI.swift; sourceTree = "<group>"; };
		A00000162F3D000000000001 /* AuthModels.swift */ = {isa = PBXFileReference; lastKnownFileType = sourcecode.swift; path = AuthModels.swift; sourceTree = "<group>"; };
		A00000182F3D000000000001 /* DishesModels.swift */ = {isa = PBXFileReference; lastKnownFileType = sourcecode.swift; path = DishesModels.swift; sourceTree = "<group>"; };
		A000001A2F3D000000000001 /* CategoriesModels.swift */ = {isa = PBXFileReference; lastKnownFileType = sourcecode.swift; path = CategoriesModels.swift; sourceTree = "<group>"; };
		A000001C2F3D000000000001 /* FavoritesModels.swift */ = {isa = PBXFileReference; lastKnownFileType = sourcecode.swift; path = FavoritesModels.swift; sourceTree = "<group>"; };
		A000001E2F3D000000000001 /* CartModels.swift */ = {isa = PBXFileReference; lastKnownFileType = sourcecode.swift; path = CartModels.swift; sourceTree = "<group>"; };
		A00000202F3D000000000001 /* OrdersModels.swift */ = {isa = PBXFileReference; lastKnownFileType = sourcecode.swift; path = OrdersModels.swift; sourceTree = "<group>"; };
		A00000222F3D000000000001 /* SessionViewModel.swift */ = {isa = PBXFileReference; lastKnownFileType = sourcecode.swift; path = SessionViewModel.swift; sourceTree = "<group>"; };
		A00000242F3D000000000001 /* LoginViewModel.swift */ = {isa = PBXFileReference; lastKnownFileType = sourcecode.swift; path = LoginViewModel.swift; sourceTree = "<group>"; };
		A00000262F3D000000000001 /* RegisterViewModel.swift */ = {isa = PBXFileReference; lastKnownFileType = sourcecode.swift; path = RegisterViewModel.swift; sourceTree = "<group>"; };
		A00000282F3D000000000001 /* ProfileViewModel.swift */ = {isa = PBXFileReference; lastKnownFileType = sourcecode.swift; path = ProfileViewModel.swift; sourceTree = "<group>"; };
		A000002A2F3D000000000001 /* FavoritesViewModel.swift */ = {isa = PBXFileReference; lastKnownFileType = sourcecode.swift; path = FavoritesViewModel.swift; sourceTree = "<group>"; };
		A000002C2F3D000000000001 /* DishDetailRemoteViewModel.swift */ = {isa = PBXFileReference; lastKnownFileType = sourcecode.swift; path = DishDetailRemoteViewModel.swift; sourceTree = "<group>"; };
		A000002E2F3D000000000001 /* AppRootView.swift */ = {isa = PBXFileReference; lastKnownFileType = sourcecode.swift; path = AppRootView.swift; sourceTree = "<group>"; };
		A00000302F3D000000000001 /* LoginView.swift */ = {isa = PBXFileReference; lastKnownFileType = sourcecode.swift; path = LoginView.swift; sourceTree = "<group>"; };
		A00000322F3D000000000001 /* RegisterView.swift */ = {isa = PBXFileReference; lastKnownFileType = sourcecode.swift; path = RegisterView.swift; sourceTree = "<group>"; };
		A00000342F3D000000000001 /* ProfileView.swift */ = {isa = PBXFileReference; lastKnownFileType = sourcecode.swift; path = ProfileView.swift; sourceTree = "<group>"; };
		A00000362F3D000000000001 /* FavoritesView.swift */ = {isa = PBXFileReference; lastKnownFileType = sourcecode.swift; path = FavoritesView.swift; sourceTree = "<group>"; };
		A00000382F3D000000000001 /* DishDetailRemoteView.swift */ = {isa = PBXFileReference; lastKnownFileType = sourcecode.swift; path = DishDetailRemoteView.swift; sourceTree = "<group>"; };
/* End PBXFileReference section */

/* Begin PBXFrameworksBuildPhase section */
		70901F512F35EF78006A7205 /* Frameworks */ = {
			isa = PBXFrameworksBuildPhase;
			buildActionMask = 2147483647;
			files = (
			);
			runOnlyForDeploymentPostprocessing = 0;
		};
		70901F612F35EF7B006A7205 /* Frameworks */ = {
			isa = PBXFrameworksBuildPhase;
			buildActionMask = 2147483647;
			files = (
			);
			runOnlyForDeploymentPostprocessing = 0;
		};
		70901F6B2F35EF7B006A7205 /* Frameworks */ = {
			isa = PBXFrameworksBuildPhase;
			buildActionMask = 2147483647;
			files = (
			);
			runOnlyForDeploymentPostprocessing = 0;
		};
/* End PBXFrameworksBuildPhase section */

/* Begin PBXGroup section */
		70901F4B2F35EF78006A7205 = {
			isa = PBXGroup;
			children = (
				70B088C72F38B3A4006F6B11 /* UI */,
				70901F842F35EFCE006A7205 /* Views */,
				70901F832F35EFC4006A7205 /* ViewModels */,
				70901F822F35EFB0006A7205 /* Services */,
				70901F812F35EFA3006A7205 /* Models */,
				70901F562F35EF78006A7205 /* SwiftEats */,
				70901F672F35EF7B006A7205 /* SwiftEatsTests */,
				70901F712F35EF7B006A7205 /* SwiftEatsUITests */,
				70901F552F35EF78006A7205 /* Products */,
			);
			sourceTree = "<group>";
		};
		70901F552F35EF78006A7205 /* Products */ = {
			isa = PBXGroup;
			children = (
				70901F542F35EF78006A7205 /* SwiftEats.app */,
				70901F642F35EF7B006A7205 /* SwiftEatsTests.xctest */,
				70901F6E2F35EF7B006A7205 /* SwiftEatsUITests.xctest */,
			);
			name = Products;
			sourceTree = "<group>";
		};
		70901F562F35EF78006A7205 /* SwiftEats */ = {
			isa = PBXGroup;
			children = (
				70901F572F35EF78006A7205 /* SwiftEatsApp.swift */,
				70901F592F35EF78006A7205 /* ContentView.swift */,
				70901F5B2F35EF7B006A7205 /* Assets.xcassets */,
				70901F5D2F35EF7B006A7205 /* Preview Content */,
			);
			path = SwiftEats;
			sourceTree = "<group>";
		};
		70901F5D2F35EF7B006A7205 /* Preview Content */ = {
			isa = PBXGroup;
			children = (
				70901F5E2F35EF7B006A7205 /* Preview Assets.xcassets */,
			);
			path = "Preview Content";
			sourceTree = "<group>";
		};
		70901F672F35EF7B006A7205 /* SwiftEatsTests */ = {
			isa = PBXGroup;
			children = (
				70901F682F35EF7B006A7205 /* SwiftEatsTests.swift */,
			);
			path = SwiftEatsTests;
			sourceTree = "<group>";
		};
		70901F712F35EF7B006A7205 /* SwiftEatsUITests */ = {
			isa = PBXGroup;
			children = (
				70901F722F35EF7B006A7205 /* SwiftEatsUITests.swift */,
				70901F742F35EF7B006A7205 /* SwiftEatsUITestsLaunchTests.swift */,
			);
			path = SwiftEatsUITests;
			sourceTree = "<group>";
		};
		70901F812F35EFA3006A7205 /* Models */ = {
			isa = PBXGroup;
			children = (
				A00000162F3D000000000001 /* AuthModels.swift */,
				A00000182F3D000000000001 /* DishesModels.swift */,
				A000001A2F3D000000000001 /* CategoriesModels.swift */,
				A000001C2F3D000000000001 /* FavoritesModels.swift */,
				A000001E2F3D000000000001 /* CartModels.swift */,
				A00000202F3D000000000001 /* OrdersModels.swift */,
				70901F852F35EFE9006A7205 /* Dish.swift */,
				70901F872F35F00F006A7205 /* Restaurant.swift */,
				70901F892F35F02D006A7205 /* APIResponses.swift */,
				70901FA12F35F67C006A7205 /* CartItem.swift */,
				70B088C32F388A7E006F6B11 /* Order.swift */,
			);
			path = Models;
			sourceTree = "<group>";
		};
		70901F822F35EFB0006A7205 /* Services */ = {
			isa = PBXGroup;
			children = (
				A00000022F3D000000000001 /* APIConfig.swift */,
				A00000082F3D000000000001 /* APIClient.swift */,
				A00000042F3D000000000001 /* NetworkError.swift */,
				A00000062F3D000000000001 /* TokenManager.swift */,
				A000000A2F3D000000000001 /* AuthAPI.swift */,
				A000000C2F3D000000000001 /* DishesAPI.swift */,
				A000000E2F3D000000000001 /* CategoriesAPI.swift */,
				A00000102F3D000000000001 /* FavoritesAPI.swift */,
				A00000122F3D000000000001 /* CartAPI.swift */,
				A00000142F3D000000000001 /* OrdersAPI.swift */,
				70901F8B2F35F052006A7205 /* APIError.swift */,
				70901F912F35F093006A7205 /* APIService.swift */,
				70901FA32F35F6A1006A7205 /* CartStorage.swift */,
				70B088C52F388AC5006F6B11 /* OrderStorage.swift */,
			);
			path = Services;
			sourceTree = "<group>";
		};
		70901F832F35EFC4006A7205 /* ViewModels */ = {
			isa = PBXGroup;
			children = (
				A00000222F3D000000000001 /* SessionViewModel.swift */,
				A00000242F3D000000000001 /* LoginViewModel.swift */,
				A00000262F3D000000000001 /* RegisterViewModel.swift */,
				A00000282F3D000000000001 /* ProfileViewModel.swift */,
				A000002A2F3D000000000001 /* FavoritesViewModel.swift */,
				A000002C2F3D000000000001 /* DishDetailRemoteViewModel.swift */,
				70901F932F35F0C0006A7205 /* HomeViewModel.swift */,
				70901FA52F35F6BD006A7205 /* CartViewModel.swift */,
				70B088BF2F388A64006F6B11 /* CheckoutViewModel.swift */,
				70B088C12F388A70006F6B11 /* OrdersViewModel.swift */,
			);
			path = ViewModels;
			sourceTree = "<group>";
		};
		70901F842F35EFCE006A7205 /* Views */ = {
			isa = PBXGroup;
			children = (
				A000002E2F3D000000000001 /* AppRootView.swift */,
				A00000302F3D000000000001 /* LoginView.swift */,
				A00000322F3D000000000001 /* RegisterView.swift */,
				A00000342F3D000000000001 /* ProfileView.swift */,
				A00000362F3D000000000001 /* FavoritesView.swift */,
				A00000382F3D000000000001 /* DishDetailRemoteView.swift */,
				70901F952F35F0E5006A7205 /* RootTabView.swift */,
				70901F972F35F101006A7205 /* HomeView.swift */,
				70901F992F35F116006A7205 /* RestaurantMenuView.swift */,
				70901F9B2F35F130006A7205 /* DishDetailView.swift */,
				70901F9F2F35F24F006A7205 /* SettingsView.swift */,
				70901FA72F35F6F3006A7205 /* CartView.swift */,
				70B088B92F388A3A006F6B11 /* CheckoutView.swift */,
				70B088BB2F388A48006F6B11 /* OrdersListView.swift */,
				70B088BD2F388A53006F6B11 /* OrderDetailView.swift */,
			);
			path = Views;
			sourceTree = "<group>";
		};
		70B088C72F38B3A4006F6B11 /* UI */ = {
			isa = PBXGroup;
			children = (
				70B088D52F38B40A006F6B11 /* Extensions */,
				70B088C82F38B3B3006F6B11 /* UITheme.swift */,
				70B088CA2F38B3C7006F6B11 /* Components */,
			);
			path = UI;
			sourceTree = "<group>";
		};
		70B088CA2F38B3C7006F6B11 /* Components */ = {
			isa = PBXGroup;
			children = (
				70B088CB2F38B3D4006F6B11 /* SearchBar.swift */,
				70B088CD2F38B3E4006F6B11 /* CategoryChipView.swift */,
				70B088CF2F38B3EE006F6B11 /* PromoBanner.swift */,
				70B088D12F38B3F7006F6B11 /* FoodCard.swift */,
				70B088D32F38B401006F6B11 /* Badge.swift */,
			);
			path = Components;
			sourceTree = "<group>";
		};
		70B088D52F38B40A006F6B11 /* Extensions */ = {
			isa = PBXGroup;
			children = (
				70B088D62F38B419006F6B11 /* Color+Hex.swift */,
			);
			path = Extensions;
			sourceTree = "<group>";
		};
/* End PBXGroup section */

/* Begin PBXNativeTarget section */
		70901F532F35EF78006A7205 /* SwiftEats */ = {
			isa = PBXNativeTarget;
			buildConfigurationList = 70901F782F35EF7B006A7205 /* Build configuration list for PBXNativeTarget "SwiftEats" */;
			buildPhases = (
				70901F502F35EF78006A7205 /* Sources */,
				70901F512F35EF78006A7205 /* Frameworks */,
				70901F522F35EF78006A7205 /* Resources */,
			);
			buildRules = (
			);
			dependencies = (
			);
			name = SwiftEats;
			productName = SwiftEats;
			productReference = 70901F542F35EF78006A7205 /* SwiftEats.app */;
			productType = "com.apple.product-type.application";
		};
		70901F632F35EF7B006A7205 /* SwiftEatsTests */ = {
			isa = PBXNativeTarget;
			buildConfigurationList = 70901F7B2F35EF7B006A7205 /* Build configuration list for PBXNativeTarget "SwiftEatsTests" */;
			buildPhases = (
				70901F602F35EF7B006A7205 /* Sources */,
				70901F612F35EF7B006A7205 /* Frameworks */,
				70901F622F35EF7B006A7205 /* Resources */,
			);
			buildRules = (
			);
			dependencies = (
				70901F662F35EF7B006A7205 /* PBXTargetDependency */,
			);
			name = SwiftEatsTests;
			productName = SwiftEatsTests;
			productReference = 70901F642F35EF7B006A7205 /* SwiftEatsTests.xctest */;
			productType = "com.apple.product-type.bundle.unit-test";
		};
		70901F6D2F35EF7B006A7205 /* SwiftEatsUITests */ = {
			isa = PBXNativeTarget;
			buildConfigurationList = 70901F7E2F35EF7B006A7205 /* Build configuration list for PBXNativeTarget "SwiftEatsUITests" */;
			buildPhases = (
				70901F6A2F35EF7B006A7205 /* Sources */,
				70901F6B2F35EF7B006A7205 /* Frameworks */,
				70901F6C2F35EF7B006A7205 /* Resources */,
			);
			buildRules = (
			);
			dependencies = (
				70901F702F35EF7B006A7205 /* PBXTargetDependency */,
			);
			name = SwiftEatsUITests;
			productName = SwiftEatsUITests;
			productReference = 70901F6E2F35EF7B006A7205 /* SwiftEatsUITests.xctest */;
			productType = "com.apple.product-type.bundle.ui-testing";
		};
/* End PBXNativeTarget section */

/* Begin PBXProject section */
		70901F4C2F35EF78006A7205 /* Project object */ = {
			isa = PBXProject;
			attributes = {
				BuildIndependentTargetsInParallel = 1;
				LastSwiftUpdateCheck = 1540;
				LastUpgradeCheck = 1540;
				TargetAttributes = {
					70901F532F35EF78006A7205 = {
						CreatedOnToolsVersion = 15.4;
					};
					70901F632F35EF7B006A7205 = {
						CreatedOnToolsVersion = 15.4;
						TestTargetID = 70901F532F35EF78006A7205;
					};
					70901F6D2F35EF7B006A7205 = {
						CreatedOnToolsVersion = 15.4;
						TestTargetID = 70901F532F35EF78006A7205;
					};
				};
			};
			buildConfigurationList = 70901F4F2F35EF78006A7205 /* Build configuration list for PBXProject "SwiftEats" */;
			compatibilityVersion = "Xcode 14.0";
			developmentRegion = en;
			hasScannedForEncodings = 0;
			knownRegions = (
				en,
				Base,
			);
			mainGroup = 70901F4B2F35EF78006A7205;
			productRefGroup = 70901F552F35EF78006A7205 /* Products */;
			projectDirPath = "";
			projectRoot = "";
			targets = (
				70901F532F35EF78006A7205 /* SwiftEats */,
				70901F632F35EF7B006A7205 /* SwiftEatsTests */,
				70901F6D2F35EF7B006A7205 /* SwiftEatsUITests */,
			);
		};
/* End PBXProject section */

/* Begin PBXResourcesBuildPhase section */
		70901F522F35EF78006A7205 /* Resources */ = {
			isa = PBXResourcesBuildPhase;
			buildActionMask = 2147483647;
			files = (
				70901F5F2F35EF7B006A7205 /* Preview Assets.xcassets in Resources */,
				70901F5C2F35EF7B006A7205 /* Assets.xcassets in Resources */,
			);
			runOnlyForDeploymentPostprocessing = 0;
		};
		70901F622F35EF7B006A7205 /* Resources */ = {
			isa = PBXResourcesBuildPhase;
			buildActionMask = 2147483647;
			files = (
			);
			runOnlyForDeploymentPostprocessing = 0;
		};
		70901F6C2F35EF7B006A7205 /* Resources */ = {
			isa = PBXResourcesBuildPhase;
			buildActionMask = 2147483647;
			files = (
			);
			runOnlyForDeploymentPostprocessing = 0;
		};
/* End PBXResourcesBuildPhase section */

/* Begin PBXSourcesBuildPhase section */
		70901F502F35EF78006A7205 /* Sources */ = {
			isa = PBXSourcesBuildPhase;
			buildActionMask = 2147483647;
			files = (
				A00001172F3D000000000001 /* AppRootView.swift in Sources */,
				A000011B2F3D000000000001 /* FavoritesView.swift in Sources */,
				A000011C2F3D000000000001 /* DishDetailRemoteView.swift in Sources */,
				A00001182F3D000000000001 /* LoginView.swift in Sources */,
				A000011A2F3D000000000001 /* ProfileView.swift in Sources */,
				A00001192F3D000000000001 /* RegisterView.swift in Sources */,
				A00001112F3D000000000001 /* SessionViewModel.swift in Sources */,
				A00001152F3D000000000001 /* FavoritesViewModel.swift in Sources */,
				A00001122F3D000000000001 /* LoginViewModel.swift in Sources */,
				A00001142F3D000000000001 /* ProfileViewModel.swift in Sources */,
				A00001132F3D000000000001 /* RegisterViewModel.swift in Sources */,
				A00001162F3D000000000001 /* DishDetailRemoteViewModel.swift in Sources */,
				A00001042F3D000000000001 /* APIClient.swift in Sources */,
				A00001012F3D000000000001 /* APIConfig.swift in Sources */,
				A00001052F3D000000000001 /* AuthAPI.swift in Sources */,
				A00001072F3D000000000001 /* CategoriesAPI.swift in Sources */,
				A00001092F3D000000000001 /* CartAPI.swift in Sources */,
				A000010D2F3D000000000001 /* CategoriesModels.swift in Sources */,
				A000010F2F3D000000000001 /* CartModels.swift in Sources */,
				A00001062F3D000000000001 /* DishesAPI.swift in Sources */,
				A000010C2F3D000000000001 /* DishesModels.swift in Sources */,
				A00001082F3D000000000001 /* FavoritesAPI.swift in Sources */,
				A000010E2F3D000000000001 /* FavoritesModels.swift in Sources */,
				A00001022F3D000000000001 /* NetworkError.swift in Sources */,
				A00001102F3D000000000001 /* OrdersModels.swift in Sources */,
				A000010A2F3D000000000001 /* OrdersAPI.swift in Sources */,
				A000010B2F3D000000000001 /* AuthModels.swift in Sources */,
				A00001032F3D000000000001 /* TokenManager.swift in Sources */,
				70B088C02F388A64006F6B11 /* CheckoutViewModel.swift in Sources */,
				70B088D42F38B401006F6B11 /* Badge.swift in Sources */,
				70B088C92F38B3B3006F6B11 /* UITheme.swift in Sources */,
				70901F882F35F00F006A7205 /* Restaurant.swift in Sources */,
				70901F8A2F35F02D006A7205 /* APIResponses.swift in Sources */,
				70901F862F35EFE9006A7205 /* Dish.swift in Sources */,
				70901FA82F35F6F3006A7205 /* CartView.swift in Sources */,
				70901F982F35F101006A7205 /* HomeView.swift in Sources */,
				70901F942F35F0C0006A7205 /* HomeViewModel.swift in Sources */,
				70B088C22F388A70006F6B11 /* OrdersViewModel.swift in Sources */,
				70901FA62F35F6BD006A7205 /* CartViewModel.swift in Sources */,
				70901F962F35F0E5006A7205 /* RootTabView.swift in Sources */,
				70B088BA2F388A3A006F6B11 /* CheckoutView.swift in Sources */,
				70901FA02F35F24F006A7205 /* SettingsView.swift in Sources */,
				70B088CC2F38B3D4006F6B11 /* SearchBar.swift in Sources */,
				70901F5A2F35EF78006A7205 /* ContentView.swift in Sources */,
				70901F582F35EF78006A7205 /* SwiftEatsApp.swift in Sources */,
				70901F922F35F093006A7205 /* APIService.swift in Sources */,
				70901FA42F35F6A1006A7205 /* CartStorage.swift in Sources */,
				70B088D22F38B3F7006F6B11 /* FoodCard.swift in Sources */,
				70B088BE2F388A53006F6B11 /* OrderDetailView.swift in Sources */,
				70B088D02F38B3EE006F6B11 /* PromoBanner.swift in Sources */,
				70901F9C2F35F130006A7205 /* DishDetailView.swift in Sources */,
				70B088BC2F388A48006F6B11 /* OrdersListView.swift in Sources */,
				70901F8C2F35F052006A7205 /* APIError.swift in Sources */,
				70B088C42F388A7E006F6B11 /* Order.swift in Sources */,
				70901FA22F35F67C006A7205 /* CartItem.swift in Sources */,
				70B088C62F388AC5006F6B11 /* OrderStorage.swift in Sources */,
				70901F9A2F35F116006A7205 /* RestaurantMenuView.swift in Sources */,
				70B088CE2F38B3E4006F6B11 /* CategoryChipView.swift in Sources */,
				70B088D72F38B419006F6B11 /* Color+Hex.swift in Sources */,
			);
			runOnlyForDeploymentPostprocessing = 0;
		};
		70901F602F35EF7B006A7205 /* Sources */ = {
			isa = PBXSourcesBuildPhase;
			buildActionMask = 2147483647;
			files = (
				70901F692F35EF7B006A7205 /* SwiftEatsTests.swift in Sources */,
			);
			runOnlyForDeploymentPostprocessing = 0;
		};
		70901F6A2F35EF7B006A7205 /* Sources */ = {
			isa = PBXSourcesBuildPhase;
			buildActionMask = 2147483647;
			files = (
				70901F732F35EF7B006A7205 /* SwiftEatsUITests.swift in Sources */,
				70901F752F35EF7B006A7205 /* SwiftEatsUITestsLaunchTests.swift in Sources */,
			);
			runOnlyForDeploymentPostprocessing = 0;
		};
/* End PBXSourcesBuildPhase section */

/* Begin PBXTargetDependency section */
		70901F662F35EF7B006A7205 /* PBXTargetDependency */ = {
			isa = PBXTargetDependency;
			target = 70901F532F35EF78006A7205 /* SwiftEats */;
			targetProxy = 70901F652F35EF7B006A7205 /* PBXContainerItemProxy */;
		};
		70901F702F35EF7B006A7205 /* PBXTargetDependency */ = {
			isa = PBXTargetDependency;
			target = 70901F532F35EF78006A7205 /* SwiftEats */;
			targetProxy = 70901F6F2F35EF7B006A7205 /* PBXContainerItemProxy */;
		};
/* End PBXTargetDependency section */

/* Begin XCBuildConfiguration section */
		70901F762F35EF7B006A7205 /* Debug */ = {
			isa = XCBuildConfiguration;
			buildSettings = {
				ALWAYS_SEARCH_USER_PATHS = NO;
				ASSETCATALOG_COMPILER_GENERATE_SWIFT_ASSET_SYMBOL_EXTENSIONS = YES;
				CLANG_ANALYZER_NONNULL = YES;
				CLANG_ANALYZER_NUMBER_OBJECT_CONVERSION = YES_AGGRESSIVE;
				CLANG_CXX_LANGUAGE_STANDARD = "gnu++20";
				CLANG_ENABLE_MODULES = YES;
				CLANG_ENABLE_OBJC_ARC = YES;
				CLANG_ENABLE_OBJC_WEAK = YES;
				CLANG_WARN_BLOCK_CAPTURE_AUTORELEASING = YES;
				CLANG_WARN_BOOL_CONVERSION = YES;
				CLANG_WARN_COMMA = YES;
				CLANG_WARN_CONSTANT_CONVERSION = YES;
				CLANG_WARN_DEPRECATED_OBJC_IMPLEMENTATIONS = YES;
				CLANG_WARN_DIRECT_OBJC_ISA_USAGE = YES_ERROR;
				CLANG_WARN_DOCUMENTATION_COMMENTS = YES;
				CLANG_WARN_EMPTY_BODY = YES;
				CLANG_WARN_ENUM_CONVERSION = YES;
				CLANG_WARN_INFINITE_RECURSION = YES;
				CLANG_WARN_INT_CONVERSION = YES;
				CLANG_WARN_NON_LITERAL_NULL_CONVERSION = YES;
				CLANG_WARN_OBJC_IMPLICIT_RETAIN_SELF = YES;
				CLANG_WARN_OBJC_LITERAL_CONVERSION = YES;
				CLANG_WARN_OBJC_ROOT_CLASS = YES_ERROR;
				CLANG_WARN_QUOTED_INCLUDE_IN_FRAMEWORK_HEADER = YES;
				CLANG_WARN_RANGE_LOOP_ANALYSIS = YES;
				CLANG_WARN_STRICT_PROTOTYPES = YES;
				CLANG_WARN_SUSPICIOUS_MOVE = YES;
				CLANG_WARN_UNGUARDED_AVAILABILITY = YES_AGGRESSIVE;
				CLANG_WARN_UNREACHABLE_CODE = YES;
				CLANG_WARN__DUPLICATE_METHOD_MATCH = YES;
				COPY_PHASE_STRIP = NO;
				DEBUG_INFORMATION_FORMAT = dwarf;
				ENABLE_STRICT_OBJC_MSGSEND = YES;
				ENABLE_TESTABILITY = YES;
				ENABLE_USER_SCRIPT_SANDBOXING = YES;
				GCC_C_LANGUAGE_STANDARD = gnu17;
				GCC_DYNAMIC_NO_PIC = NO;
				GCC_NO_COMMON_BLOCKS = YES;
				GCC_OPTIMIZATION_LEVEL = 0;
				GCC_PREPROCESSOR_DEFINITIONS = (
					"DEBUG=1",
					"$(inherited)",
				);
				GCC_WARN_64_TO_32_BIT_CONVERSION = YES;
				GCC_WARN_ABOUT_RETURN_TYPE = YES_ERROR;
				GCC_WARN_UNDECLARED_SELECTOR = YES;
				GCC_WARN_UNINITIALIZED_AUTOS = YES_AGGRESSIVE;
				GCC_WARN_UNUSED_FUNCTION = YES;
				GCC_WARN_UNUSED_VARIABLE = YES;
				IPHONEOS_DEPLOYMENT_TARGET = 17.5;
				LOCALIZATION_PREFERS_STRING_CATALOGS = YES;
				MTL_ENABLE_DEBUG_INFO = INCLUDE_SOURCE;
				MTL_FAST_MATH = YES;
				ONLY_ACTIVE_ARCH = YES;
				SDKROOT = iphoneos;
				SWIFT_ACTIVE_COMPILATION_CONDITIONS = "DEBUG $(inherited)";
				SWIFT_OPTIMIZATION_LEVEL = "-Onone";
			};
			name = Debug;
		};
		70901F772F35EF7B006A7205 /* Release */ = {
			isa = XCBuildConfiguration;
			buildSettings = {
				ALWAYS_SEARCH_USER_PATHS = NO;
				ASSETCATALOG_COMPILER_GENERATE_SWIFT_ASSET_SYMBOL_EXTENSIONS = YES;
				CLANG_ANALYZER_NONNULL = YES;
				CLANG_ANALYZER_NUMBER_OBJECT_CONVERSION = YES_AGGRESSIVE;
				CLANG_CXX_LANGUAGE_STANDARD = "gnu++20";
				CLANG_ENABLE_MODULES = YES;
				CLANG_ENABLE_OBJC_ARC = YES;
				CLANG_ENABLE_OBJC_WEAK = YES;
				CLANG_WARN_BLOCK_CAPTURE_AUTORELEASING = YES;
				CLANG_WARN_BOOL_CONVERSION = YES;
				CLANG_WARN_COMMA = YES;
				CLANG_WARN_CONSTANT_CONVERSION = YES;
				CLANG_WARN_DEPRECATED_OBJC_IMPLEMENTATIONS = YES;
				CLANG_WARN_DIRECT_OBJC_ISA_USAGE = YES_ERROR;
				CLANG_WARN_DOCUMENTATION_COMMENTS = YES;
				CLANG_WARN_EMPTY_BODY = YES;
				CLANG_WARN_ENUM_CONVERSION = YES;
				CLANG_WARN_INFINITE_RECURSION = YES;
				CLANG_WARN_INT_CONVERSION = YES;
				CLANG_WARN_NON_LITERAL_NULL_CONVERSION = YES;
				CLANG_WARN_OBJC_IMPLICIT_RETAIN_SELF = YES;
				CLANG_WARN_OBJC_LITERAL_CONVERSION = YES;
				CLANG_WARN_OBJC_ROOT_CLASS = YES_ERROR;
				CLANG_WARN_QUOTED_INCLUDE_IN_FRAMEWORK_HEADER = YES;
				CLANG_WARN_RANGE_LOOP_ANALYSIS = YES;
				CLANG_WARN_STRICT_PROTOTYPES = YES;
				CLANG_WARN_SUSPICIOUS_MOVE = YES;
				CLANG_WARN_UNGUARDED_AVAILABILITY = YES_AGGRESSIVE;
				CLANG_WARN_UNREACHABLE_CODE = YES;
				CLANG_WARN__DUPLICATE_METHOD_MATCH = YES;
				COPY_PHASE_STRIP = NO;
				DEBUG_INFORMATION_FORMAT = "dwarf-with-dsym";
				ENABLE_NS_ASSERTIONS = NO;
				ENABLE_STRICT_OBJC_MSGSEND = YES;
				ENABLE_USER_SCRIPT_SANDBOXING = YES;
				GCC_C_LANGUAGE_STANDARD = gnu17;
				GCC_NO_COMMON_BLOCKS = YES;
				GCC_WARN_64_TO_32_BIT_CONVERSION = YES;
				GCC_WARN_ABOUT_RETURN_TYPE = YES_ERROR;
				GCC_WARN_UNDECLARED_SELECTOR = YES;
				GCC_WARN_UNINITIALIZED_AUTOS = YES_AGGRESSIVE;
				GCC_WARN_UNUSED_FUNCTION = YES;
				GCC_WARN_UNUSED_VARIABLE = YES;
				IPHONEOS_DEPLOYMENT_TARGET = 17.5;
				LOCALIZATION_PREFERS_STRING_CATALOGS = YES;
				MTL_ENABLE_DEBUG_INFO = NO;
				MTL_FAST_MATH = YES;
				SDKROOT = iphoneos;
				SWIFT_COMPILATION_MODE = wholemodule;
				VALIDATE_PRODUCT = YES;
			};
			name = Release;
		};
		70901F792F35EF7B006A7205 /* Debug */ = {
			isa = XCBuildConfiguration;
			buildSettings = {
				ASSETCATALOG_COMPILER_APPICON_NAME = AppIcon;
				ASSETCATALOG_COMPILER_GLOBAL_ACCENT_COLOR_NAME = AccentColor;
				CODE_SIGN_STYLE = Automatic;
				CURRENT_PROJECT_VERSION = 1;
				DEVELOPMENT_ASSET_PATHS = "\"SwiftEats/Preview Content\"";
				ENABLE_PREVIEWS = YES;
				GENERATE_INFOPLIST_FILE = YES;
				INFOPLIST_KEY_UIApplicationSceneManifest_Generation = YES;
				INFOPLIST_KEY_UIApplicationSupportsIndirectInputEvents = YES;
				INFOPLIST_KEY_UILaunchScreen_Generation = YES;
				INFOPLIST_KEY_UISupportedInterfaceOrientations_iPad = "UIInterfaceOrientationPortrait UIInterfaceOrientationPortraitUpsideDown UIInterfaceOrientationLandscapeLeft UIInterfaceOrientationLandscapeRight";
				INFOPLIST_KEY_UISupportedInterfaceOrientations_iPhone = "UIInterfaceOrientationPortrait UIInterfaceOrientationLandscapeLeft UIInterfaceOrientationLandscapeRight";
				LD_RUNPATH_SEARCH_PATHS = (
					"$(inherited)",
					"@executable_path/Frameworks",
				);
				MARKETING_VERSION = 1.0;
				PRODUCT_BUNDLE_IDENTIFIER = com.adilzhan.SwiftEats;
				PRODUCT_NAME = "$(TARGET_NAME)";
				SWIFT_EMIT_LOC_STRINGS = YES;
				SWIFT_VERSION = 5.0;
				TARGETED_DEVICE_FAMILY = "1,2";
			};
			name = Debug;
		};
		70901F7A2F35EF7B006A7205 /* Release */ = {
			isa = XCBuildConfiguration;
			buildSettings = {
				ASSETCATALOG_COMPILER_APPICON_NAME = AppIcon;
				ASSETCATALOG_COMPILER_GLOBAL_ACCENT_COLOR_NAME = AccentColor;
				CODE_SIGN_STYLE = Automatic;
				CURRENT_PROJECT_VERSION = 1;
				DEVELOPMENT_ASSET_PATHS = "\"SwiftEats/Preview Content\"";
				ENABLE_PREVIEWS = YES;
				GENERATE_INFOPLIST_FILE = YES;
				INFOPLIST_KEY_UIApplicationSceneManifest_Generation = YES;
				INFOPLIST_KEY_UIApplicationSupportsIndirectInputEvents = YES;
				INFOPLIST_KEY_UILaunchScreen_Generation = YES;
				INFOPLIST_KEY_UISupportedInterfaceOrientations_iPad = "UIInterfaceOrientationPortrait UIInterfaceOrientationPortraitUpsideDown UIInterfaceOrientationLandscapeLeft UIInterfaceOrientationLandscapeRight";
				INFOPLIST_KEY_UISupportedInterfaceOrientations_iPhone = "UIInterfaceOrientationPortrait UIInterfaceOrientationLandscapeLeft UIInterfaceOrientationLandscapeRight";
				LD_RUNPATH_SEARCH_PATHS = (
					"$(inherited)",
					"@executable_path/Frameworks",
				);
				MARKETING_VERSION = 1.0;
				PRODUCT_BUNDLE_IDENTIFIER = com.adilzhan.SwiftEats;
				PRODUCT_NAME = "$(TARGET_NAME)";
				SWIFT_EMIT_LOC_STRINGS = YES;
				SWIFT_VERSION = 5.0;
				TARGETED_DEVICE_FAMILY = "1,2";
			};
			name = Release;
		};
		70901F7C2F35EF7B006A7205 /* Debug */ = {
			isa = XCBuildConfiguration;
			buildSettings = {
				ALWAYS_EMBED_SWIFT_STANDARD_LIBRARIES = YES;
				BUNDLE_LOADER = "$(TEST_HOST)";
				CODE_SIGN_STYLE = Automatic;
				CURRENT_PROJECT_VERSION = 1;
				GENERATE_INFOPLIST_FILE = YES;
				IPHONEOS_DEPLOYMENT_TARGET = 17.5;
				MARKETING_VERSION = 1.0;
				PRODUCT_BUNDLE_IDENTIFIER = com.adilzhan.SwiftEatsTests;
				PRODUCT_NAME = "$(TARGET_NAME)";
				SWIFT_EMIT_LOC_STRINGS = NO;
				SWIFT_VERSION = 5.0;
				TARGETED_DEVICE_FAMILY = "1,2";
				TEST_HOST = "$(BUILT_PRODUCTS_DIR)/SwiftEats.app/$(BUNDLE_EXECUTABLE_FOLDER_PATH)/SwiftEats";
			};
			name = Debug;
		};
		70901F7D2F35EF7B006A7205 /* Release */ = {
			isa = XCBuildConfiguration;
			buildSettings = {
				ALWAYS_EMBED_SWIFT_STANDARD_LIBRARIES = YES;
				BUNDLE_LOADER = "$(TEST_HOST)";
				CODE_SIGN_STYLE = Automatic;
				CURRENT_PROJECT_VERSION = 1;
				GENERATE_INFOPLIST_FILE = YES;
				IPHONEOS_DEPLOYMENT_TARGET = 17.5;
				MARKETING_VERSION = 1.0;
				PRODUCT_BUNDLE_IDENTIFIER = com.adilzhan.SwiftEatsTests;
				PRODUCT_NAME = "$(TARGET_NAME)";
				SWIFT_EMIT_LOC_STRINGS = NO;
				SWIFT_VERSION = 5.0;
				TARGETED_DEVICE_FAMILY = "1,2";
				TEST_HOST = "$(BUILT_PRODUCTS_DIR)/SwiftEats.app/$(BUNDLE_EXECUTABLE_FOLDER_PATH)/SwiftEats";
			};
			name = Release;
		};
		70901F7F2F35EF7B006A7205 /* Debug */ = {
			isa = XCBuildConfiguration;
			buildSettings = {
				ALWAYS_EMBED_SWIFT_STANDARD_LIBRARIES = YES;
				CODE_SIGN_STYLE = Automatic;
				CURRENT_PROJECT_VERSION = 1;
				GENERATE_INFOPLIST_FILE = YES;
				MARKETING_VERSION = 1.0;
				PRODUCT_BUNDLE_IDENTIFIER = com.adilzhan.SwiftEatsUITests;
				PRODUCT_NAME = "$(TARGET_NAME)";
				SWIFT_EMIT_LOC_STRINGS = NO;
				SWIFT_VERSION = 5.0;
				TARGETED_DEVICE_FAMILY = "1,2";
				TEST_TARGET_NAME = SwiftEats;
			};
			name = Debug;
		};
		70901F802F35EF7B006A7205 /* Release */ = {
			isa = XCBuildConfiguration;
			buildSettings = {
				ALWAYS_EMBED_SWIFT_STANDARD_LIBRARIES = YES;
				CODE_SIGN_STYLE = Automatic;
				CURRENT_PROJECT_VERSION = 1;
				GENERATE_INFOPLIST_FILE = YES;
				MARKETING_VERSION = 1.0;
				PRODUCT_BUNDLE_IDENTIFIER = com.adilzhan.SwiftEatsUITests;
				PRODUCT_NAME = "$(TARGET_NAME)";
				SWIFT_EMIT_LOC_STRINGS = NO;
				SWIFT_VERSION = 5.0;
				TARGETED_DEVICE_FAMILY = "1,2";
				TEST_TARGET_NAME = SwiftEats;
			};
			name = Release;
		};
/* End XCBuildConfiguration section */

/* Begin XCConfigurationList section */
		70901F4F2F35EF78006A7205 /* Build configuration list for PBXProject "SwiftEats" */ = {
			isa = XCConfigurationList;
			buildConfigurations = (
				70901F762F35EF7B006A7205 /* Debug */,
				70901F772F35EF7B006A7205 /* Release */,
			);
			defaultConfigurationIsVisible = 0;
			defaultConfigurationName = Release;
		};
		70901F782F35EF7B006A7205 /* Build configuration list for PBXNativeTarget "SwiftEats" */ = {
			isa = XCConfigurationList;
			buildConfigurations = (
				70901F792F35EF7B006A7205 /* Debug */,
				70901F7A2F35EF7B006A7205 /* Release */,
			);
			defaultConfigurationIsVisible = 0;
			defaultConfigurationName = Release;
		};
		70901F7B2F35EF7B006A7205 /* Build configuration list for PBXNativeTarget "SwiftEatsTests" */ = {
			isa = XCConfigurationList;
			buildConfigurations = (
				70901F7C2F35EF7B006A7205 /* Debug */,
				70901F7D2F35EF7B006A7205 /* Release */,
			);
			defaultConfigurationIsVisible = 0;
			defaultConfigurationName = Release;
		};
		70901F7E2F35EF7B006A7205 /* Build configuration list for PBXNativeTarget "SwiftEatsUITests" */ = {
			isa = XCConfigurationList;
			buildConfigurations = (
				70901F7F2F35EF7B006A7205 /* Debug */,
				70901F802F35EF7B006A7205 /* Release */,
			);
			defaultConfigurationIsVisible = 0;
			defaultConfigurationName = Release;
		};
/* End XCConfigurationList section */
	};
	rootObject = 70901F4C2F35EF78006A7205 /* Project object */;
}
